
Microsoft Visual Studio Solution File, Format Version 12.00
# Visual Studio Version 16
VisualStudioVersion = 16.0.31624.102
MinimumVisualStudioVersion = 10.0.40219.1
Project("{9A19103F-16F7-4668-BE54-9A1E7A4F7556}") = "Sandbox", "Sandbox\Sandbox.csproj", "{64847F36-608D-4C59-854D-AB00DDF35A4C}"
EndProject
Project("{9A19103F-16F7-4668-BE54-9A1E7A4F7556}") = "VotingSystem.Tests", "VotingSystem.Tests\VotingSystem.Tests.csproj", "{1626CDA3-5572-47F8-88CD-5211E1CEBD88}"
EndProject
Project("{FAE04EC0-301F-11D3-BF4B-00C04F79EFBC}") = "Sandbox.EFCore", "Sandbox.EFCore\Sandbox.EFCore.csproj", "{1476BE60-1543-4146-84C2-6AA59B9ED001}"
EndProject
Global
	GlobalSection(SolutionConfigurationPlatforms) = preSolution
		Debug|Any CPU = Debug|Any CPU
		Release|Any CPU = Release|Any CPU
	EndGlobalSection
	GlobalSection(ProjectConfigurationPlatforms) = postSolution
		{64847F36-608D-4C59-854D-AB00DDF35A4C}.Debug|Any CPU.ActiveCfg = Debug|Any CPU
		{64847F36-608D-4C59-854D-AB00DDF35A4C}.Debug|Any CPU.Build.0 = Debug|Any CPU
		{64847F36-608D-4C59-854D-AB00DDF35A4C}.Release|Any CPU.ActiveCfg = Release|Any CPU
		{64847F36-608D-4C59-854D-AB00DDF35A4C}.Release|Any CPU.Build.0 = Release|Any CPU
		{1626CDA3-5572-47F8-88CD-5211E1CEBD88}.Debug|Any CPU.ActiveCfg = Debug|Any CPU
		{1626CDA3-5572-47F8-88CD-5211E1CEBD88}.Debug|Any CPU.Build.0 = Debug|Any CPU
		{1626CDA3-5572-47F8-88CD-5211E1CEBD88}.Release|Any CPU.ActiveCfg = Release|Any CPU
		{1626CDA3-5572-47F8-88CD-5211E1CEBD88}.Release|Any CPU.Build.0 = Release|Any CPU
		{1476BE60-1543-4146-84C2-6AA59B9ED001}.Debug|Any CPU.ActiveCfg = Debug|Any CPU
		{1476BE60-1543-4146-84C2-6AA59B9ED001}.Debug|Any CPU.Build.0 = Debug|Any CPU
		{1476BE60-1543-4146-84C2-6AA59B9ED001}.Release|Any CPU.ActiveCfg = Release|Any CPU
		{1476BE60-1543-4146-84C2-6AA59B9ED001}.Release|Any CPU.Build.0 = Release|Any CPU
	EndGlobalSection
	GlobalSection(SolutionProperties) = preSolution
		HideSolutionNode = FALSE
	EndGlobalSection
	GlobalSection(ExtensibilityGlobals) = postSolution
		SolutionGuid = {810FE529-5C06-402B-9B9E-9F2399CC6516}
	EndGlobalSection
EndGlobal
